
Microsoft Visual Studio Solution File, Format Version 12.00
# Visual Studio Version 16
VisualStudioVersion = 16.0.31729.503
MinimumVisualStudioVersion = 10.0.40219.1
Project("{8BC9CEB8-8B4A-11D0-8D11-00A0C91BC942}") = "covid19_project", "covid19_project.vcxproj", "{D9C529C8-B166-4265-A17B-A196DD7F3DDD}"
EndProject
Global
	GlobalSection(SolutionConfigurationPlatforms) = preSolution
		Debug|x64 = Debug|x64
		Debug|x86 = Debug|x86
		Release|x64 = Release|x64
		Release|x86 = Release|x86
	EndGlobalSection
	GlobalSection(ProjectConfigurationPlatforms) = postSolution
		{D9C529C8-B166-4265-A17B-A196DD7F3DDD}.Debug|x64.ActiveCfg = Debug|x64
		{D9C529C8-B166-4265-A17B-A196DD7F3DDD}.Debug|x64.Build.0 = Debug|x64
		{D9C529C8-B166-4265-A17B-A196DD7F3DDD}.Debug|x86.ActiveCfg = Debug|Win32
		{D9C529C8-B166-4265-A17B-A196DD7F3DDD}.Debug|x86.Build.0 = Debug|Win32
		{D9C529C8-B166-4265-A17B-A196DD7F3DDD}.Release|x64.ActiveCfg = Release|x64
		{D9C529C8-B166-4265-A17B-A196DD7F3DDD}.Release|x64.Build.0 = Release|x64
		{D9C529C8-B166-4265-A17B-A196DD7F3DDD}.Release|x86.ActiveCfg = Release|Win32
		{D9C529C8-B166-4265-A17B-A196DD7F3DDD}.Release|x86.Build.0 = Release|Win32
	EndGlobalSection
	GlobalSection(SolutionProperties) = preSolution
		HideSolutionNode = FALSE
	EndGlobalSection
	GlobalSection(ExtensibilityGlobals) = postSolution
		SolutionGuid = {8882FF3F-7BFE-45E3-A750-919342D2CBD5}
	EndGlobalSection
EndGlobal
